// !$*UTF8*$!
{
	archiveVersion = 1;
	classes = {
	};
	objectVersion = 46;
	objects = {

/* Begin PBXBuildFile section */
		7F2D31D01BC439CF003FF53E /* ReactiveCocoa.framework in Frameworks */ = {isa = PBXBuildFile; fileRef = 7F2D31CF1BC439CF003FF53E /* ReactiveCocoa.framework */; settings = {ASSET_TAGS = (); }; };
		7F2D31D31BC43D19003FF53E /* AlbumViewModel.swift in Sources */ = {isa = PBXBuildFile; fileRef = 7F2D31D21BC43D19003FF53E /* AlbumViewModel.swift */; settings = {ASSET_TAGS = (); }; };
		7F2D31D51BC44209003FF53E /* Result.framework in Frameworks */ = {isa = PBXBuildFile; fileRef = 7F2D31D41BC44209003FF53E /* Result.framework */; settings = {ASSET_TAGS = (); }; };
		7F6E3C0A1BB30AAE000423FE /* AppDelegate.swift in Sources */ = {isa = PBXBuildFile; fileRef = 7F6E3C091BB30AAE000423FE /* AppDelegate.swift */; };
		7F6E3C0C1BB30AAE000423FE /* AlbumViewController.swift in Sources */ = {isa = PBXBuildFile; fileRef = 7F6E3C0B1BB30AAE000423FE /* AlbumViewController.swift */; };
		7F6E3C0F1BB30AAE000423FE /* Main.storyboard in Resources */ = {isa = PBXBuildFile; fileRef = 7F6E3C0D1BB30AAE000423FE /* Main.storyboard */; };
		7F6E3C121BB30AAE000423FE /* BlueLibrarySwift.xcdatamodeld in Sources */ = {isa = PBXBuildFile; fileRef = 7F6E3C101BB30AAE000423FE /* BlueLibrarySwift.xcdatamodeld */; };
		7F6E3C141BB30AAE000423FE /* Assets.xcassets in Resources */ = {isa = PBXBuildFile; fileRef = 7F6E3C131BB30AAE000423FE /* Assets.xcassets */; };
		7F6E3C171BB30AAE000423FE /* LaunchScreen.storyboard in Resources */ = {isa = PBXBuildFile; fileRef = 7F6E3C151BB30AAE000423FE /* LaunchScreen.storyboard */; };
		7F6E3C221BB30AAE000423FE /* BlueLibrarySwiftTests.swift in Sources */ = {isa = PBXBuildFile; fileRef = 7F6E3C211BB30AAE000423FE /* BlueLibrarySwiftTests.swift */; };
		7F6E3C2D1BB30AAE000423FE /* BlueLibrarySwiftUITests.swift in Sources */ = {isa = PBXBuildFile; fileRef = 7F6E3C2C1BB30AAE000423FE /* BlueLibrarySwiftUITests.swift */; };
		7F6E3C431BB39C81000423FE /* Album.swift in Sources */ = {isa = PBXBuildFile; fileRef = 7F6E3C421BB39C81000423FE /* Album.swift */; settings = {ASSET_TAGS = (); }; };
		7F6E3C451BB39D95000423FE /* AlbumView.swift in Sources */ = {isa = PBXBuildFile; fileRef = 7F6E3C441BB39D95000423FE /* AlbumView.swift */; settings = {ASSET_TAGS = (); }; };
		7F6E3C471BB39FFE000423FE /* LibraryAPI.swift in Sources */ = {isa = PBXBuildFile; fileRef = 7F6E3C461BB39FFE000423FE /* LibraryAPI.swift */; settings = {ASSET_TAGS = (); }; };
		7F6E3C491BB3A1B7000423FE /* PersistencyManager.swift in Sources */ = {isa = PBXBuildFile; fileRef = 7F6E3C481BB3A1B7000423FE /* PersistencyManager.swift */; settings = {ASSET_TAGS = (); }; };
		7F6E3C4B1BB3A400000423FE /* HTTPClient.swift in Sources */ = {isa = PBXBuildFile; fileRef = 7F6E3C4A1BB3A400000423FE /* HTTPClient.swift */; settings = {ASSET_TAGS = (); }; };
		7F6E3C4D1BB3AE62000423FE /* HorizontalScroller.swift in Sources */ = {isa = PBXBuildFile; fileRef = 7F6E3C4C1BB3AE62000423FE /* HorizontalScroller.swift */; settings = {ASSET_TAGS = (); }; };
		7F6E3C501BB3B8DC000423FE /* Int+Extension.swift in Sources */ = {isa = PBXBuildFile; fileRef = 7F6E3C4F1BB3B8DC000423FE /* Int+Extension.swift */; settings = {ASSET_TAGS = (); }; };
		7F975A1D1BB8E98200A6EEBB /* ApplicationAssembly.swift in Sources */ = {isa = PBXBuildFile; fileRef = 7F975A1C1BB8E98200A6EEBB /* ApplicationAssembly.swift */; settings = {ASSET_TAGS = (); }; };
		7F975A201BB8E9D300A6EEBB /* Typhoon.framework in Frameworks */ = {isa = PBXBuildFile; fileRef = 7F975A1F1BB8E9D300A6EEBB /* Typhoon.framework */; settings = {ASSET_TAGS = (); }; };
		7F975A221BB8EE7F00A6EEBB /* CoreComponents.swift in Sources */ = {isa = PBXBuildFile; fileRef = 7F975A211BB8EE7F00A6EEBB /* CoreComponents.swift */; settings = {ASSET_TAGS = (); }; };
		7FDE03721BBB778D00514288 /* Dynamic.swift in Sources */ = {isa = PBXBuildFile; fileRef = 7FDE03711BBB778C00514288 /* Dynamic.swift */; settings = {ASSET_TAGS = (); }; };
		7FF588B31BC9B9F000077E36 /* LibraryAPIProtocl.swift in Sources */ = {isa = PBXBuildFile; fileRef = 7FF588B21BC9B9F000077E36 /* LibraryAPIProtocl.swift */; settings = {ASSET_TAGS = (); }; };
/* End PBXBuildFile section */

/* Begin PBXContainerItemProxy section */
		7F6E3C1E1BB30AAE000423FE /* PBXContainerItemProxy */ = {
			isa = PBXContainerItemProxy;
			containerPortal = 7F6E3BFE1BB30AAE000423FE /* Project object */;
			proxyType = 1;
			remoteGlobalIDString = 7F6E3C051BB30AAE000423FE;
			remoteInfo = BlueLibrarySwift;
		};
		7F6E3C291BB30AAE000423FE /* PBXContainerItemProxy */ = {
			isa = PBXContainerItemProxy;
			containerPortal = 7F6E3BFE1BB30AAE000423FE /* Project object */;
			proxyType = 1;
			remoteGlobalIDString = 7F6E3C051BB30AAE000423FE;
			remoteInfo = BlueLibrarySwift;
		};
/* End PBXContainerItemProxy section */

/* Begin PBXFileReference section */
		7F2D31CF1BC439CF003FF53E /* ReactiveCocoa.framework */ = {isa = PBXFileReference; lastKnownFileType = wrapper.framework; name = ReactiveCocoa.framework; path = Carthage/Build/iOS/ReactiveCocoa.framework; sourceTree = "<group>"; };
		7F2D31D21BC43D19003FF53E /* AlbumViewModel.swift */ = {isa = PBXFileReference; fileEncoding = 4; lastKnownFileType = sourcecode.swift; path = AlbumViewModel.swift; sourceTree = "<group>"; };
		7F2D31D41BC44209003FF53E /* Result.framework */ = {isa = PBXFileReference; lastKnownFileType = wrapper.framework; name = Result.framework; path = Carthage/Build/iOS/Result.framework; sourceTree = "<group>"; };
		7F6E3C061BB30AAE000423FE /* BlueLibrarySwift.app */ = {isa = PBXFileReference; explicitFileType = wrapper.application; includeInIndex = 0; path = BlueLibrarySwift.app; sourceTree = BUILT_PRODUCTS_DIR; };
		7F6E3C091BB30AAE000423FE /* AppDelegate.swift */ = {isa = PBXFileReference; lastKnownFileType = sourcecode.swift; path = AppDelegate.swift; sourceTree = "<group>"; };
		7F6E3C0B1BB30AAE000423FE /* AlbumViewController.swift */ = {isa = PBXFileReference; lastKnownFileType = sourcecode.swift; path = AlbumViewController.swift; sourceTree = "<group>"; };
		7F6E3C0E1BB30AAE000423FE /* Base */ = {isa = PBXFileReference; lastKnownFileType = file.storyboard; name = Base; path = Base.lproj/Main.storyboard; sourceTree = "<group>"; };
		7F6E3C111BB30AAE000423FE /* BlueLibrarySwift.xcdatamodel */ = {isa = PBXFileReference; lastKnownFileType = wrapper.xcdatamodel; path = BlueLibrarySwift.xcdatamodel; sourceTree = "<group>"; };
		7F6E3C131BB30AAE000423FE /* Assets.xcassets */ = {isa = PBXFileReference; lastKnownFileType = folder.assetcatalog; path = Assets.xcassets; sourceTree = "<group>"; };
		7F6E3C161BB30AAE000423FE /* Base */ = {isa = PBXFileReference; lastKnownFileType = file.storyboard; name = Base; path = Base.lproj/LaunchScreen.storyboard; sourceTree = "<group>"; };
		7F6E3C181BB30AAE000423FE /* Info.plist */ = {isa = PBXFileReference; lastKnownFileType = text.plist.xml; path = Info.plist; sourceTree = "<group>"; };
		7F6E3C1D1BB30AAE000423FE /* BlueLibrarySwiftTests.xctest */ = {isa = PBXFileReference; explicitFileType = wrapper.cfbundle; includeInIndex = 0; path = BlueLibrarySwiftTests.xctest; sourceTree = BUILT_PRODUCTS_DIR; };
		7F6E3C211BB30AAE000423FE /* BlueLibrarySwiftTests.swift */ = {isa = PBXFileReference; lastKnownFileType = sourcecode.swift; path = BlueLibrarySwiftTests.swift; sourceTree = "<group>"; };
		7F6E3C231BB30AAE000423FE /* Info.plist */ = {isa = PBXFileReference; lastKnownFileType = text.plist.xml; path = Info.plist; sourceTree = "<group>"; };
		7F6E3C281BB30AAE000423FE /* BlueLibrarySwiftUITests.xctest */ = {isa = PBXFileReference; explicitFileType = wrapper.cfbundle; includeInIndex = 0; path = BlueLibrarySwiftUITests.xctest; sourceTree = BUILT_PRODUCTS_DIR; };
		7F6E3C2C1BB30AAE000423FE /* BlueLibrarySwiftUITests.swift */ = {isa = PBXFileReference; lastKnownFileType = sourcecode.swift; path = BlueLibrarySwiftUITests.swift; sourceTree = "<group>"; };
		7F6E3C2E1BB30AAE000423FE /* Info.plist */ = {isa = PBXFileReference; lastKnownFileType = text.plist.xml; path = Info.plist; sourceTree = "<group>"; };
		7F6E3C421BB39C81000423FE /* Album.swift */ = {isa = PBXFileReference; fileEncoding = 4; lastKnownFileType = sourcecode.swift; path = Album.swift; sourceTree = "<group>"; };
		7F6E3C441BB39D95000423FE /* AlbumView.swift */ = {isa = PBXFileReference; fileEncoding = 4; lastKnownFileType = sourcecode.swift; path = AlbumView.swift; sourceTree = "<group>"; };
		7F6E3C461BB39FFE000423FE /* LibraryAPI.swift */ = {isa = PBXFileReference; fileEncoding = 4; lastKnownFileType = sourcecode.swift; path = LibraryAPI.swift; sourceTree = "<group>"; };
		7F6E3C481BB3A1B7000423FE /* PersistencyManager.swift */ = {isa = PBXFileReference; fileEncoding = 4; lastKnownFileType = sourcecode.swift; path = PersistencyManager.swift; sourceTree = "<group>"; };
		7F6E3C4A1BB3A400000423FE /* HTTPClient.swift */ = {isa = PBXFileReference; fileEncoding = 4; lastKnownFileType = sourcecode.swift; path = HTTPClient.swift; sourceTree = "<group>"; };
		7F6E3C4C1BB3AE62000423FE /* HorizontalScroller.swift */ = {isa = PBXFileReference; fileEncoding = 4; lastKnownFileType = sourcecode.swift; path = HorizontalScroller.swift; sourceTree = "<group>"; };
		7F6E3C4F1BB3B8DC000423FE /* Int+Extension.swift */ = {isa = PBXFileReference; fileEncoding = 4; lastKnownFileType = sourcecode.swift; path = "Int+Extension.swift"; sourceTree = "<group>"; };
		7F6E3C511BB5C977000423FE /* BlueLibraryPlayground.playground */ = {isa = PBXFileReference; lastKnownFileType = file.playground; path = BlueLibraryPlayground.playground; sourceTree = "<group>"; };
		7F975A1C1BB8E98200A6EEBB /* ApplicationAssembly.swift */ = {isa = PBXFileReference; fileEncoding = 4; lastKnownFileType = sourcecode.swift; path = ApplicationAssembly.swift; sourceTree = "<group>"; };
		7F975A1F1BB8E9D300A6EEBB /* Typhoon.framework */ = {isa = PBXFileReference; lastKnownFileType = wrapper.framework; name = Typhoon.framework; path = Carthage/Build/iOS/Typhoon.framework; sourceTree = "<group>"; };
		7F975A211BB8EE7F00A6EEBB /* CoreComponents.swift */ = {isa = PBXFileReference; fileEncoding = 4; lastKnownFileType = sourcecode.swift; path = CoreComponents.swift; sourceTree = "<group>"; };
		7FDE03711BBB778C00514288 /* Dynamic.swift */ = {isa = PBXFileReference; fileEncoding = 4; lastKnownFileType = sourcecode.swift; path = Dynamic.swift; sourceTree = "<group>"; };
		7FF588B21BC9B9F000077E36 /* LibraryAPIProtocl.swift */ = {isa = PBXFileReference; fileEncoding = 4; lastKnownFileType = sourcecode.swift; path = LibraryAPIProtocl.swift; sourceTree = "<group>"; };
/* End PBXFileReference section */

/* Begin PBXFrameworksBuildPhase section */
		7F6E3C031BB30AAE000423FE /* Frameworks */ = {
			isa = PBXFrameworksBuildPhase;
			buildActionMask = 2147483647;
			files = (
				7F2D31D51BC44209003FF53E /* Result.framework in Frameworks */,
				7F975A201BB8E9D300A6EEBB /* Typhoon.framework in Frameworks */,
				7F2D31D01BC439CF003FF53E /* ReactiveCocoa.framework in Frameworks */,
			);
			runOnlyForDeploymentPostprocessing = 0;
		};
		7F6E3C1A1BB30AAE000423FE /* Frameworks */ = {
			isa = PBXFrameworksBuildPhase;
			buildActionMask = 2147483647;
			files = (
			);
			runOnlyForDeploymentPostprocessing = 0;
		};
		7F6E3C251BB30AAE000423FE /* Frameworks */ = {
			isa = PBXFrameworksBuildPhase;
			buildActionMask = 2147483647;
			files = (
			);
			runOnlyForDeploymentPostprocessing = 0;
		};
/* End PBXFrameworksBuildPhase section */

/* Begin PBXGroup section */
		7F2D31D11BC43CFC003FF53E /* ViewModel */ = {
			isa = PBXGroup;
			children = (
				7F2D31D21BC43D19003FF53E /* AlbumViewModel.swift */,
			);
			name = ViewModel;
			sourceTree = "<group>";
		};
		7F6E3BFD1BB30AAE000423FE = {
			isa = PBXGroup;
			children = (
				7F2D31D41BC44209003FF53E /* Result.framework */,
				7F2D31CF1BC439CF003FF53E /* ReactiveCocoa.framework */,
				7F975A1F1BB8E9D300A6EEBB /* Typhoon.framework */,
				7F6E3C081BB30AAE000423FE /* BlueLibrarySwift */,
				7F6E3C201BB30AAE000423FE /* BlueLibrarySwiftTests */,
				7F6E3C2B1BB30AAE000423FE /* BlueLibrarySwiftUITests */,
				7F6E3C071BB30AAE000423FE /* Products */,
			);
			sourceTree = "<group>";
		};
		7F6E3C071BB30AAE000423FE /* Products */ = {
			isa = PBXGroup;
			children = (
				7F6E3C061BB30AAE000423FE /* BlueLibrarySwift.app */,
				7F6E3C1D1BB30AAE000423FE /* BlueLibrarySwiftTests.xctest */,
				7F6E3C281BB30AAE000423FE /* BlueLibrarySwiftUITests.xctest */,
			);
			name = Products;
			sourceTree = "<group>";
		};
		7F6E3C081BB30AAE000423FE /* BlueLibrarySwift */ = {
			isa = PBXGroup;
			children = (
				7F2D31D11BC43CFC003FF53E /* ViewModel */,
				7FDE03701BBB775100514288 /* Util */,
				7F975A1B1BB8E96800A6EEBB /* Assembly */,
				7F6E3C4E1BB3B877000423FE /* Extensions */,
				7F6E3C411BB39BF1000423FE /* API */,
				7F6E3C401BB39BE9000423FE /* View */,
				7F6E3C3F1BB39BE2000423FE /* Model */,
				7F6E3C3E1BB39BDA000423FE /* Controller */,
				7F6E3C091BB30AAE000423FE /* AppDelegate.swift */,
				7F6E3C0D1BB30AAE000423FE /* Main.storyboard */,
				7F6E3C131BB30AAE000423FE /* Assets.xcassets */,
				7F6E3C151BB30AAE000423FE /* LaunchScreen.storyboard */,
				7F6E3C181BB30AAE000423FE /* Info.plist */,
				7F6E3C101BB30AAE000423FE /* BlueLibrarySwift.xcdatamodeld */,
				7F6E3C511BB5C977000423FE /* BlueLibraryPlayground.playground */,
			);
			path = BlueLibrarySwift;
			sourceTree = "<group>";
		};
		7F6E3C201BB30AAE000423FE /* BlueLibrarySwiftTests */ = {
			isa = PBXGroup;
			children = (
				7F6E3C211BB30AAE000423FE /* BlueLibrarySwiftTests.swift */,
				7F6E3C231BB30AAE000423FE /* Info.plist */,
			);
			path = BlueLibrarySwiftTests;
			sourceTree = "<group>";
		};
		7F6E3C2B1BB30AAE000423FE /* BlueLibrarySwiftUITests */ = {
			isa = PBXGroup;
			children = (
				7F6E3C2C1BB30AAE000423FE /* BlueLibrarySwiftUITests.swift */,
				7F6E3C2E1BB30AAE000423FE /* Info.plist */,
			);
			path = BlueLibrarySwiftUITests;
			sourceTree = "<group>";
		};
		7F6E3C3E1BB39BDA000423FE /* Controller */ = {
			isa = PBXGroup;
			children = (
				7F6E3C0B1BB30AAE000423FE /* AlbumViewController.swift */,
			);
			name = Controller;
			sourceTree = "<group>";
		};
		7F6E3C3F1BB39BE2000423FE /* Model */ = {
			isa = PBXGroup;
			children = (
				7F6E3C421BB39C81000423FE /* Album.swift */,
			);
			name = Model;
			sourceTree = "<group>";
		};
		7F6E3C401BB39BE9000423FE /* View */ = {
			isa = PBXGroup;
			children = (
				7F6E3C441BB39D95000423FE /* AlbumView.swift */,
				7F6E3C4C1BB3AE62000423FE /* HorizontalScroller.swift */,
			);
			name = View;
			sourceTree = "<group>";
		};
		7F6E3C411BB39BF1000423FE /* API */ = {
			isa = PBXGroup;
			children = (
				7F6E3C461BB39FFE000423FE /* LibraryAPI.swift */,
				7F6E3C481BB3A1B7000423FE /* PersistencyManager.swift */,
				7F6E3C4A1BB3A400000423FE /* HTTPClient.swift */,
				7FF588B21BC9B9F000077E36 /* LibraryAPIProtocl.swift */,
			);
			name = API;
			sourceTree = "<group>";
		};
		7F6E3C4E1BB3B877000423FE /* Extensions */ = {
			isa = PBXGroup;
			children = (
				7F6E3C4F1BB3B8DC000423FE /* Int+Extension.swift */,
			);
			name = Extensions;
			sourceTree = "<group>";
		};
		7F975A1B1BB8E96800A6EEBB /* Assembly */ = {
			isa = PBXGroup;
			children = (
				7F975A1C1BB8E98200A6EEBB /* ApplicationAssembly.swift */,
				7F975A211BB8EE7F00A6EEBB /* CoreComponents.swift */,
			);
			name = Assembly;
			sourceTree = "<group>";
		};
		7FDE03701BBB775100514288 /* Util */ = {
			isa = PBXGroup;
			children = (
				7FDE03711BBB778C00514288 /* Dynamic.swift */,
			);
			name = Util;
			sourceTree = "<group>";
		};
/* End PBXGroup section */

/* Begin PBXNativeTarget section */
		7F6E3C051BB30AAE000423FE /* BlueLibrarySwift */ = {
			isa = PBXNativeTarget;
			buildConfigurationList = 7F6E3C311BB30AAE000423FE /* Build configuration list for PBXNativeTarget "BlueLibrarySwift" */;
			buildPhases = (
				7F6E3C021BB30AAE000423FE /* Sources */,
				7F6E3C031BB30AAE000423FE /* Frameworks */,
				7F6E3C041BB30AAE000423FE /* Resources */,
				7F975A1E1BB8E9B100A6EEBB /* ShellScript */,
			);
			buildRules = (
			);
			dependencies = (
			);
			name = BlueLibrarySwift;
			productName = BlueLibrarySwift;
			productReference = 7F6E3C061BB30AAE000423FE /* BlueLibrarySwift.app */;
			productType = "com.apple.product-type.application";
		};
		7F6E3C1C1BB30AAE000423FE /* BlueLibrarySwiftTests */ = {
			isa = PBXNativeTarget;
			buildConfigurationList = 7F6E3C341BB30AAE000423FE /* Build configuration list for PBXNativeTarget "BlueLibrarySwiftTests" */;
			buildPhases = (
				7F6E3C191BB30AAE000423FE /* Sources */,
				7F6E3C1A1BB30AAE000423FE /* Frameworks */,
				7F6E3C1B1BB30AAE000423FE /* Resources */,
			);
			buildRules = (
			);
			dependencies = (
				7F6E3C1F1BB30AAE000423FE /* PBXTargetDependency */,
			);
			name = BlueLibrarySwiftTests;
			productName = BlueLibrarySwiftTests;
			productReference = 7F6E3C1D1BB30AAE000423FE /* BlueLibrarySwiftTests.xctest */;
			productType = "com.apple.product-type.bundle.unit-test";
		};
		7F6E3C271BB30AAE000423FE /* BlueLibrarySwiftUITests */ = {
			isa = PBXNativeTarget;
			buildConfigurationList = 7F6E3C371BB30AAE000423FE /* Build configuration list for PBXNativeTarget "BlueLibrarySwiftUITests" */;
			buildPhases = (
				7F6E3C241BB30AAE000423FE /* Sources */,
				7F6E3C251BB30AAE000423FE /* Frameworks */,
				7F6E3C261BB30AAE000423FE /* Resources */,
			);
			buildRules = (
			);
			dependencies = (
				7F6E3C2A1BB30AAE000423FE /* PBXTargetDependency */,
			);
			name = BlueLibrarySwiftUITests;
			productName = BlueLibrarySwiftUITests;
			productReference = 7F6E3C281BB30AAE000423FE /* BlueLibrarySwiftUITests.xctest */;
			productType = "com.apple.product-type.bundle.ui-testing";
		};
/* End PBXNativeTarget section */

/* Begin PBXProject section */
		7F6E3BFE1BB30AAE000423FE /* Project object */ = {
			isa = PBXProject;
			attributes = {
				LastUpgradeCheck = 0700;
				ORGANIZATIONNAME = "alex livenson";
				TargetAttributes = {
					7F6E3C051BB30AAE000423FE = {
						CreatedOnToolsVersion = 7.0;
					};
					7F6E3C1C1BB30AAE000423FE = {
						CreatedOnToolsVersion = 7.0;
						TestTargetID = 7F6E3C051BB30AAE000423FE;
					};
					7F6E3C271BB30AAE000423FE = {
						CreatedOnToolsVersion = 7.0;
						TestTargetID = 7F6E3C051BB30AAE000423FE;
					};
				};
			};
			buildConfigurationList = 7F6E3C011BB30AAE000423FE /* Build configuration list for PBXProject "BlueLibrarySwift" */;
			compatibilityVersion = "Xcode 3.2";
			developmentRegion = English;
			hasScannedForEncodings = 0;
			knownRegions = (
				en,
				Base,
			);
			mainGroup = 7F6E3BFD1BB30AAE000423FE;
			productRefGroup = 7F6E3C071BB30AAE000423FE /* Products */;
			projectDirPath = "";
			projectRoot = "";
			targets = (
				7F6E3C051BB30AAE000423FE /* BlueLibrarySwift */,
				7F6E3C1C1BB30AAE000423FE /* BlueLibrarySwiftTests */,
				7F6E3C271BB30AAE000423FE /* BlueLibrarySwiftUITests */,
			);
		};
/* End PBXProject section */

/* Begin PBXResourcesBuildPhase section */
		7F6E3C041BB30AAE000423FE /* Resources */ = {
			isa = PBXResourcesBuildPhase;
			buildActionMask = 2147483647;
			files = (
				7F6E3C171BB30AAE000423FE /* LaunchScreen.storyboard in Resources */,
				7F6E3C141BB30AAE000423FE /* Assets.xcassets in Resources */,
				7F6E3C0F1BB30AAE000423FE /* Main.storyboard in Resources */,
			);
			runOnlyForDeploymentPostprocessing = 0;
		};
		7F6E3C1B1BB30AAE000423FE /* Resources */ = {
			isa = PBXResourcesBuildPhase;
			buildActionMask = 2147483647;
			files = (
			);
			runOnlyForDeploymentPostprocessing = 0;
		};
		7F6E3C261BB30AAE000423FE /* Resources */ = {
			isa = PBXResourcesBuildPhase;
			buildActionMask = 2147483647;
			files = (
			);
			runOnlyForDeploymentPostprocessing = 0;
		};
/* End PBXResourcesBuildPhase section */

/* Begin PBXShellScriptBuildPhase section */
		7F975A1E1BB8E9B100A6EEBB /* ShellScript */ = {
			isa = PBXShellScriptBuildPhase;
			buildActionMask = 2147483647;
			files = (
			);
			inputPaths = (
				"$(SRCROOT)/Carthage/Build/iOS/Typhoon.framework",
				"$(SRCROOT)/Carthage/Build/iOS/ReactiveCocoa.framework",
				"$(SRCROOT)/Carthage/Build/iOS/Result.framework",
			);
			outputPaths = (
			);
			runOnlyForDeploymentPostprocessing = 0;
			shellPath = /bin/sh;
			shellScript = "/usr/local/bin/carthage copy-frameworks";
		};
/* End PBXShellScriptBuildPhase section */

/* Begin PBXSourcesBuildPhase section */
		7F6E3C021BB30AAE000423FE /* Sources */ = {
			isa = PBXSourcesBuildPhase;
			buildActionMask = 2147483647;
			files = (
				7F6E3C0C1BB30AAE000423FE /* AlbumViewController.swift in Sources */,
				7F6E3C121BB30AAE000423FE /* BlueLibrarySwift.xcdatamodeld in Sources */,
				7FF588B31BC9B9F000077E36 /* LibraryAPIProtocl.swift in Sources */,
				7FDE03721BBB778D00514288 /* Dynamic.swift in Sources */,
				7F975A221BB8EE7F00A6EEBB /* CoreComponents.swift in Sources */,
				7F6E3C4B1BB3A400000423FE /* HTTPClient.swift in Sources */,
				7F6E3C471BB39FFE000423FE /* LibraryAPI.swift in Sources */,
				7F975A1D1BB8E98200A6EEBB /* ApplicationAssembly.swift in Sources */,
				7F6E3C4D1BB3AE62000423FE /* HorizontalScroller.swift in Sources */,
				7F6E3C501BB3B8DC000423FE /* Int+Extension.swift in Sources */,
				7F6E3C491BB3A1B7000423FE /* PersistencyManager.swift in Sources */,
				7F2D31D31BC43D19003FF53E /* AlbumViewModel.swift in Sources */,
				7F6E3C0A1BB30AAE000423FE /* AppDelegate.swift in Sources */,
				7F6E3C451BB39D95000423FE /* AlbumView.swift in Sources */,
				7F6E3C431BB39C81000423FE /* Album.swift in Sources */,
			);
			runOnlyForDeploymentPostprocessing = 0;
		};
		7F6E3C191BB30AAE000423FE /* Sources */ = {
			isa = PBXSourcesBuildPhase;
			buildActionMask = 2147483647;
			files = (
				7F6E3C221BB30AAE000423FE /* BlueLibrarySwiftTests.swift in Sources */,
			);
			runOnlyForDeploymentPostprocessing = 0;
		};
		7F6E3C241BB30AAE000423FE /* Sources */ = {
			isa = PBXSourcesBuildPhase;
			buildActionMask = 2147483647;
			files = (
				7F6E3C2D1BB30AAE000423FE /* BlueLibrarySwiftUITests.swift in Sources */,
			);
			runOnlyForDeploymentPostprocessing = 0;
		};
/* End PBXSourcesBuildPhase section */

/* Begin PBXTargetDependency section */
		7F6E3C1F1BB30AAE000423FE /* PBXTargetDependency */ = {
			isa = PBXTargetDependency;
			target = 7F6E3C051BB30AAE000423FE /* BlueLibrarySwift */;
			targetProxy = 7F6E3C1E1BB30AAE000423FE /* PBXContainerItemProxy */;
		};
		7F6E3C2A1BB30AAE000423FE /* PBXTargetDependency */ = {
			isa = PBXTargetDependency;
			target = 7F6E3C051BB30AAE000423FE /* BlueLibrarySwift */;
			targetProxy = 7F6E3C291BB30AAE000423FE /* PBXContainerItemProxy */;
		};
/* End PBXTargetDependency section */

/* Begin PBXVariantGroup section */
		7F6E3C0D1BB30AAE000423FE /* Main.storyboard */ = {
			isa = PBXVariantGroup;
			children = (
				7F6E3C0E1BB30AAE000423FE /* Base */,
			);
			name = Main.storyboard;
			sourceTree = "<group>";
		};
		7F6E3C151BB30AAE000423FE /* LaunchScreen.storyboard */ = {
			isa = PBXVariantGroup;
			children = (
				7F6E3C161BB30AAE000423FE /* Base */,
			);
			name = LaunchScreen.storyboard;
			sourceTree = "<group>";
		};
/* End PBXVariantGroup section */

/* Begin XCBuildConfiguration section */
		7F6E3C2F1BB30AAE000423FE /* Debug */ = {
			isa = XCBuildConfiguration;
			buildSettings = {
				ALWAYS_SEARCH_USER_PATHS = NO;
				CLANG_CXX_LANGUAGE_STANDARD = "gnu++0x";
				CLANG_CXX_LIBRARY = "libc++";
				CLANG_ENABLE_MODULES = YES;
				CLANG_ENABLE_OBJC_ARC = YES;
				CLANG_WARN_BOOL_CONVERSION = YES;
				CLANG_WARN_CONSTANT_CONVERSION = YES;
				CLANG_WARN_DIRECT_OBJC_ISA_USAGE = YES_ERROR;
				CLANG_WARN_EMPTY_BODY = YES;
				CLANG_WARN_ENUM_CONVERSION = YES;
				CLANG_WARN_INT_CONVERSION = YES;
				CLANG_WARN_OBJC_ROOT_CLASS = YES_ERROR;
				CLANG_WARN_UNREACHABLE_CODE = YES;
				CLANG_WARN__DUPLICATE_METHOD_MATCH = YES;
				"CODE_SIGN_IDENTITY[sdk=iphoneos*]" = "iPhone Developer";
				COPY_PHASE_STRIP = NO;
				DEBUG_INFORMATION_FORMAT = dwarf;
				ENABLE_STRICT_OBJC_MSGSEND = YES;
				ENABLE_TESTABILITY = YES;
				GCC_C_LANGUAGE_STANDARD = gnu99;
				GCC_DYNAMIC_NO_PIC = NO;
				GCC_NO_COMMON_BLOCKS = YES;
				GCC_OPTIMIZATION_LEVEL = 0;
				GCC_PREPROCESSOR_DEFINITIONS = (
					"DEBUG=1",
					"$(inherited)",
				);
				GCC_WARN_64_TO_32_BIT_CONVERSION = YES;
				GCC_WARN_ABOUT_RETURN_TYPE = YES_ERROR;
				GCC_WARN_UNDECLARED_SELECTOR = YES;
				GCC_WARN_UNINITIALIZED_AUTOS = YES_AGGRESSIVE;
				GCC_WARN_UNUSED_FUNCTION = YES;
				GCC_WARN_UNUSED_VARIABLE = YES;
				IPHONEOS_DEPLOYMENT_TARGET = 9.0;
				MTL_ENABLE_DEBUG_INFO = YES;
				ONLY_ACTIVE_ARCH = YES;
				SDKROOT = iphoneos;
				SWIFT_OPTIMIZATION_LEVEL = "-Onone";
			};
			name = Debug;
		};
		7F6E3C301BB30AAE000423FE /* Release */ = {
			isa = XCBuildConfiguration;
			buildSettings = {
				ALWAYS_SEARCH_USER_PATHS = NO;
				CLANG_CXX_LANGUAGE_STANDARD = "gnu++0x";
				CLANG_CXX_LIBRARY = "libc++";
				CLANG_ENABLE_MODULES = YES;
				CLANG_ENABLE_OBJC_ARC = YES;
				CLANG_WARN_BOOL_CONVERSION = YES;
				CLANG_WARN_CONSTANT_CONVERSION = YES;
				CLANG_WARN_DIRECT_OBJC_ISA_USAGE = YES_ERROR;
				CLANG_WARN_EMPTY_BODY = YES;
				CLANG_WARN_ENUM_CONVERSION = YES;
				CLANG_WARN_INT_CONVERSION = YES;
				CLANG_WARN_OBJC_ROOT_CLASS = YES_ERROR;
				CLANG_WARN_UNREACHABLE_CODE = YES;
				CLANG_WARN__DUPLICATE_METHOD_MATCH = YES;
				"CODE_SIGN_IDENTITY[sdk=iphoneos*]" = "iPhone Developer";
				COPY_PHASE_STRIP = NO;
				DEBUG_INFORMATION_FORMAT = "dwarf-with-dsym";
				ENABLE_NS_ASSERTIONS = NO;
				ENABLE_STRICT_OBJC_MSGSEND = YES;
				GCC_C_LANGUAGE_STANDARD = gnu99;
				GCC_NO_COMMON_BLOCKS = YES;
				GCC_WARN_64_TO_32_BIT_CONVERSION = YES;
				GCC_WARN_ABOUT_RETURN_TYPE = YES_ERROR;
				GCC_WARN_UNDECLARED_SELECTOR = YES;
				GCC_WARN_UNINITIALIZED_AUTOS = YES_AGGRESSIVE;
				GCC_WARN_UNUSED_FUNCTION = YES;
				GCC_WARN_UNUSED_VARIABLE = YES;
				IPHONEOS_DEPLOYMENT_TARGET = 9.0;
				MTL_ENABLE_DEBUG_INFO = NO;
				SDKROOT = iphoneos;
				VALIDATE_PRODUCT = YES;
			};
			name = Release;
		};
		7F6E3C321BB30AAE000423FE /* Debug */ = {
			isa = XCBuildConfiguration;
			buildSettings = {
				ASSETCATALOG_COMPILER_APPICON_NAME = AppIcon;
				FRAMEWORK_SEARCH_PATHS = (
					"$(inherited)",
					"$(PROJECT_DIR)/Carthage/Build/iOS",
				);
				INFOPLIST_FILE = BlueLibrarySwift/Info.plist;
				LD_RUNPATH_SEARCH_PATHS = "$(inherited) @executable_path/Frameworks";
				PRODUCT_BUNDLE_IDENTIFIER = com.checkit.BlueLibrarySwift;
				PRODUCT_NAME = "$(TARGET_NAME)";
			};
			name = Debug;
		};
		7F6E3C331BB30AAE000423FE /* Release */ = {
			isa = XCBuildConfiguration;
			buildSettings = {
				ASSETCATALOG_COMPILER_APPICON_NAME = AppIcon;
				FRAMEWORK_SEARCH_PATHS = (
					"$(inherited)",
					"$(PROJECT_DIR)/Carthage/Build/iOS",
				);
				INFOPLIST_FILE = BlueLibrarySwift/Info.plist;
				LD_RUNPATH_SEARCH_PATHS = "$(inherited) @executable_path/Frameworks";
				PRODUCT_BUNDLE_IDENTIFIER = com.checkit.BlueLibrarySwift;
				PRODUCT_NAME = "$(TARGET_NAME)";
			};
			name = Release;
		};
		7F6E3C351BB30AAE000423FE /* Debug */ = {
			isa = XCBuildConfiguration;
			buildSettings = {
				BUNDLE_LOADER = "$(TEST_HOST)";
				INFOPLIST_FILE = BlueLibrarySwiftTests/Info.plist;
				LD_RUNPATH_SEARCH_PATHS = "$(inherited) @executable_path/Frameworks @loader_path/Frameworks";
				PRODUCT_BUNDLE_IDENTIFIER = com.checkit.BlueLibrarySwiftTests;
				PRODUCT_NAME = "$(TARGET_NAME)";
				TEST_HOST = "$(BUILT_PRODUCTS_DIR)/BlueLibrarySwift.app/BlueLibrarySwift";
			};
			name = Debug;
		};
		7F6E3C361BB30AAE000423FE /* Release */ = {
			isa = XCBuildConfiguration;
			buildSettings = {
				BUNDLE_LOADER = "$(TEST_HOST)";
				INFOPLIST_FILE = BlueLibrarySwiftTests/Info.plist;
				LD_RUNPATH_SEARCH_PATHS = "$(inherited) @executable_path/Frameworks @loader_path/Frameworks";
				PRODUCT_BUNDLE_IDENTIFIER = com.checkit.BlueLibrarySwiftTests;
				PRODUCT_NAME = "$(TARGET_NAME)";
				TEST_HOST = "$(BUILT_PRODUCTS_DIR)/BlueLibrarySwift.app/BlueLibrarySwift";
			};
			name = Release;
		};
		7F6E3C381BB30AAE000423FE /* Debug */ = {
			isa = XCBuildConfiguration;
			buildSettings = {
				INFOPLIST_FILE = BlueLibrarySwiftUITests/Info.plist;
				LD_RUNPATH_SEARCH_PATHS = "$(inherited) @executable_path/Frameworks @loader_path/Frameworks";
				PRODUCT_BUNDLE_IDENTIFIER = com.checkit.BlueLibrarySwiftUITests;
				PRODUCT_NAME = "$(TARGET_NAME)";
				TEST_TARGET_NAME = BlueLibrarySwift;
				USES_XCTRUNNER = YES;
			};
			name = Debug;
		};
		7F6E3C391BB30AAE000423FE /* Release */ = {
			isa = XCBuildConfiguration;
			buildSettings = {
				INFOPLIST_FILE = BlueLibrarySwiftUITests/Info.plist;
				LD_RUNPATH_SEARCH_PATHS = "$(inherited) @executable_path/Frameworks @loader_path/Frameworks";
				PRODUCT_BUNDLE_IDENTIFIER = com.checkit.BlueLibrarySwiftUITests;
				PRODUCT_NAME = "$(TARGET_NAME)";
				TEST_TARGET_NAME = BlueLibrarySwift;
				USES_XCTRUNNER = YES;
			};
			name = Release;
		};
/* End XCBuildConfiguration section */

/* Begin XCConfigurationList section */
		7F6E3C011BB30AAE000423FE /* Build configuration list for PBXProject "BlueLibrarySwift" */ = {
			isa = XCConfigurationList;
			buildConfigurations = (
				7F6E3C2F1BB30AAE000423FE /* Debug */,
				7F6E3C301BB30AAE000423FE /* Release */,
			);
			defaultConfigurationIsVisible = 0;
			defaultConfigurationName = Release;
		};
		7F6E3C311BB30AAE000423FE /* Build configuration list for PBXNativeTarget "BlueLibrarySwift" */ = {
			isa = XCConfigurationList;
			buildConfigurations = (
				7F6E3C321BB30AAE000423FE /* Debug */,
				7F6E3C331BB30AAE000423FE /* Release */,
			);
			defaultConfigurationIsVisible = 0;
			defaultConfigurationName = Release;
		};
		7F6E3C341BB30AAE000423FE /* Build configuration list for PBXNativeTarget "BlueLibrarySwiftTests" */ = {
			isa = XCConfigurationList;
			buildConfigurations = (
				7F6E3C351BB30AAE000423FE /* Debug */,
				7F6E3C361BB30AAE000423FE /* Release */,
			);
			defaultConfigurationIsVisible = 0;
			defaultConfigurationName = Release;
		};
		7F6E3C371BB30AAE000423FE /* Build configuration list for PBXNativeTarget "BlueLibrarySwiftUITests" */ = {
			isa = XCConfigurationList;
			buildConfigurations = (
				7F6E3C381BB30AAE000423FE /* Debug */,
				7F6E3C391BB30AAE000423FE /* Release */,
			);
			defaultConfigurationIsVisible = 0;
			defaultConfigurationName = Release;
		};
/* End XCConfigurationList section */

/* Begin XCVersionGroup section */
		7F6E3C101BB30AAE000423FE /* BlueLibrarySwift.xcdatamodeld */ = {
			isa = XCVersionGroup;
			children = (
				7F6E3C111BB30AAE000423FE /* BlueLibrarySwift.xcdatamodel */,
			);
			currentVersion = 7F6E3C111BB30AAE000423FE /* BlueLibrarySwift.xcdatamodel */;
			path = BlueLibrarySwift.xcdatamodeld;
			sourceTree = "<group>";
			versionGroupType = wrapper.xcdatamodel;
		};
/* End XCVersionGroup section */
	};
	rootObject = 7F6E3BFE1BB30AAE000423FE /* Project object */;
}
